
Microsoft Visual Studio Solution File, Format Version 12.00
# Visual Studio Version 17
VisualStudioVersion = 17.10.35027.167
MinimumVisualStudioVersion = 10.0.40219.1
Project("{9A19103F-16F7-4668-BE54-9A1E7A4F7556}") = "StoreApp.Core", "StoreApp.Core\StoreApp.Core.csproj", "{FEF3B68D-DDC6-4068-B261-BF79EF69B474}"
EndProject
Project("{9A19103F-16F7-4668-BE54-9A1E7A4F7556}") = "StoreApp.Tests", "StoreApp.Tests\StoreApp.Tests.csproj", "{FCDEED31-C524-4A28-A7FE-DD2F47849248}"
EndProject
Project("{9A19103F-16F7-4668-BE54-9A1E7A4F7556}") = "StoreApp.API", "StoreApp.API\StoreApp.API.csproj", "{DBF9604C-4FDE-4EE3-8BFE-DA0870DF8326}"
EndProject
Project("{2150E333-8FDC-42A3-9474-1A3956D46DE8}") = "Solution Items", "Solution Items", "{A2773631-3389-45A9-AC5E-D17F8623741D}"
	ProjectSection(SolutionItems) = preProject
		README.txt = README.txt
	EndProjectSection
EndProject
Global
	GlobalSection(SolutionConfigurationPlatforms) = preSolution
		Debug|Any CPU = Debug|Any CPU
		Release|Any CPU = Release|Any CPU
	EndGlobalSection
	GlobalSection(ProjectConfigurationPlatforms) = postSolution
		{FEF3B68D-DDC6-4068-B261-BF79EF69B474}.Debug|Any CPU.ActiveCfg = Debug|Any CPU
		{FEF3B68D-DDC6-4068-B261-BF79EF69B474}.Debug|Any CPU.Build.0 = Debug|Any CPU
		{FEF3B68D-DDC6-4068-B261-BF79EF69B474}.Release|Any CPU.ActiveCfg = Release|Any CPU
		{FEF3B68D-DDC6-4068-B261-BF79EF69B474}.Release|Any CPU.Build.0 = Release|Any CPU
		{FCDEED31-C524-4A28-A7FE-DD2F47849248}.Debug|Any CPU.ActiveCfg = Debug|Any CPU
		{FCDEED31-C524-4A28-A7FE-DD2F47849248}.Debug|Any CPU.Build.0 = Debug|Any CPU
		{FCDEED31-C524-4A28-A7FE-DD2F47849248}.Release|Any CPU.ActiveCfg = Release|Any CPU
		{FCDEED31-C524-4A28-A7FE-DD2F47849248}.Release|Any CPU.Build.0 = Release|Any CPU
		{DBF9604C-4FDE-4EE3-8BFE-DA0870DF8326}.Debug|Any CPU.ActiveCfg = Debug|Any CPU
		{DBF9604C-4FDE-4EE3-8BFE-DA0870DF8326}.Debug|Any CPU.Build.0 = Debug|Any CPU
		{DBF9604C-4FDE-4EE3-8BFE-DA0870DF8326}.Release|Any CPU.ActiveCfg = Release|Any CPU
		{DBF9604C-4FDE-4EE3-8BFE-DA0870DF8326}.Release|Any CPU.Build.0 = Release|Any CPU
	EndGlobalSection
	GlobalSection(SolutionProperties) = preSolution
		HideSolutionNode = FALSE
	EndGlobalSection
	GlobalSection(ExtensibilityGlobals) = postSolution
		SolutionGuid = {D3A1BC19-B793-4136-B1A5-F014F95B8158}
	EndGlobalSection
EndGlobal
