
Microsoft Visual Studio Solution File, Format Version 12.00
# Visual Studio Version 17
VisualStudioVersion = 17.10.35027.167
MinimumVisualStudioVersion = 10.0.40219.1
Project("{FAE04EC0-301F-11D3-BF4B-00C04F79EFBC}") = "StoreApp.Core", "StoreApp.Core\StoreApp.Core.csproj", "{FEF3B68D-DDC6-4068-B261-BF79EF69B474}"
EndProject
Global
	GlobalSection(SolutionConfigurationPlatforms) = preSolution
		Debug|Any CPU = Debug|Any CPU
		Release|Any CPU = Release|Any CPU
	EndGlobalSection
	GlobalSection(ProjectConfigurationPlatforms) = postSolution
		{FEF3B68D-DDC6-4068-B261-BF79EF69B474}.Debug|Any CPU.ActiveCfg = Debug|Any CPU
		{FEF3B68D-DDC6-4068-B261-BF79EF69B474}.Debug|Any CPU.Build.0 = Debug|Any CPU
		{FEF3B68D-DDC6-4068-B261-BF79EF69B474}.Release|Any CPU.ActiveCfg = Release|Any CPU
		{FEF3B68D-DDC6-4068-B261-BF79EF69B474}.Release|Any CPU.Build.0 = Release|Any CPU
	EndGlobalSection
	GlobalSection(SolutionProperties) = preSolution
		HideSolutionNode = FALSE
	EndGlobalSection
	GlobalSection(ExtensibilityGlobals) = postSolution
		SolutionGuid = {D3A1BC19-B793-4136-B1A5-F014F95B8158}
	EndGlobalSection
EndGlobal
